# This file is autogenerated, do not edit; changes may be undone by the next 'dep ensure'.


[[projects]]
  branch = "master"
  digest = "1:3a81d8bd9bc729d1421c651f151299dabb0872934a472c1a2df00f206437a595"
  name = "github.com/divan/gorilla-xmlrpc"
  packages = ["xml"]
  pruneopts = "UT"
  revision = "f0686da74fda77e81e97600c22916f979cf57330"

[[projects]]
  digest = "1:f925e333cd264e456d45428cb2e7d6b37dca32f1228864e1a7a34bfbae16020a"
  name = "github.com/gorilla/rpc"
  packages = ["."]
  pruneopts = "UT"
  revision = "bffcfa752ad4e523cc8f720afeb5b985ed41ae16"
  version = "v1.2.0"

[[projects]]
  branch = "master"
  digest = "1:e7b5d4168e986a38630a5cd290bb7a9097f0d8dcb5092a8b38f4763702e8ff0c"
  name = "github.com/kolo/xmlrpc"
  packages = ["."]
  pruneopts = "UT"
  revision = "56d5ec7c422e68702b2cd04a3c2b3849d645f962"

[[projects]]
  branch = "master"
  digest = "1:edf8d4440761882454cbed705a8c200f210f60c807952587fbea372f62b37e14"
  name = "github.com/rogpeppe/go-charset"
  packages = [
    "charset",
    "data",
  ]
  pruneopts = "UT"
  revision = "0dc95cdf6f31678708e098003b9ed4286a29a16d"

[solve-meta]
  analyzer-name = "dep"
  analyzer-version = 1
  input-imports = [
    "github.com/divan/gorilla-xmlrpc/xml",
    "github.com/gorilla/rpc",
    "github.com/kolo/xmlrpc",
  ]
  solver-name = "gps-cdcl"
  solver-version = 1
